
Microsoft Visual Studio Solution File, Format Version 12.00
# Visual Studio Version 16
VisualStudioVersion = 16.0.29519.87
MinimumVisualStudioVersion = 10.0.40219.1
Project("{2150E333-8FDC-42A3-9474-1A3956D46DE8}") = "src", "src", "{B929A431-00E4-4054-8796-A6F1DF7AC3EA}"
EndProject
Project("{2150E333-8FDC-42A3-9474-1A3956D46DE8}") = "examples", "examples", "{51587962-74F5-415F-AA57-FEC39EF78DBC}"
EndProject
Project("{9A19103F-16F7-4668-BE54-9A1E7A4F7556}") = "RestEaseClientGenerator", "src\RestEaseClientGenerator\RestEaseClientGenerator.csproj", "{CB53C19E-29CC-42AC-AE47-31A54E5D0759}"
EndProject
Project("{9A19103F-16F7-4668-BE54-9A1E7A4F7556}") = "RestEaseClientGeneratorConsoleApp", "examples\RestEaseClientGeneratorConsoleApp\RestEaseClientGeneratorConsoleApp.csproj", "{C50AFA8E-50CC-4118-9F66-0E7AFD210A10}"
EndProject
Project("{2150E333-8FDC-42A3-9474-1A3956D46DE8}") = "Solution Items", "Solution Items", "{E238CBB6-3B84-472C-9F0C-3946E4815398}"
	ProjectSection(SolutionItems) = preProject
		README.md = README.md
	EndProjectSection
EndProject
Project("{FAE04EC0-301F-11D3-BF4B-00C04F79EFBC}") = "RestEaseClientGeneratorVSIX", "src\RestEaseClientGeneratorVSIX\RestEaseClientGeneratorVSIX.csproj", "{4145CFBA-5DC5-42DE-BB83-05575EEC928F}"
EndProject
Project("{2150E333-8FDC-42A3-9474-1A3956D46DE8}") = "vsix", "vsix", "{01BD8AEA-3BBE-4D3D-A7A6-FED1DA9F0575}"
EndProject
Project("{FAE04EC0-301F-11D3-BF4B-00C04F79EFBC}") = "RestEaseClientGenerator.VSIX", "src\RestEaseClientGenerator.VSIX\RestEaseClientGenerator.VSIX.csproj", "{F68FEF1B-C874-4EF7-8C5C-E3E32E613141}"
EndProject
Global
	GlobalSection(SolutionConfigurationPlatforms) = preSolution
		Debug|Any CPU = Debug|Any CPU
		Release|Any CPU = Release|Any CPU
	EndGlobalSection
	GlobalSection(ProjectConfigurationPlatforms) = postSolution
		{CB53C19E-29CC-42AC-AE47-31A54E5D0759}.Debug|Any CPU.ActiveCfg = Debug|Any CPU
		{CB53C19E-29CC-42AC-AE47-31A54E5D0759}.Debug|Any CPU.Build.0 = Debug|Any CPU
		{CB53C19E-29CC-42AC-AE47-31A54E5D0759}.Release|Any CPU.ActiveCfg = Release|Any CPU
		{CB53C19E-29CC-42AC-AE47-31A54E5D0759}.Release|Any CPU.Build.0 = Release|Any CPU
		{C50AFA8E-50CC-4118-9F66-0E7AFD210A10}.Debug|Any CPU.ActiveCfg = Debug|Any CPU
		{C50AFA8E-50CC-4118-9F66-0E7AFD210A10}.Debug|Any CPU.Build.0 = Debug|Any CPU
		{C50AFA8E-50CC-4118-9F66-0E7AFD210A10}.Release|Any CPU.ActiveCfg = Release|Any CPU
		{C50AFA8E-50CC-4118-9F66-0E7AFD210A10}.Release|Any CPU.Build.0 = Release|Any CPU
		{4145CFBA-5DC5-42DE-BB83-05575EEC928F}.Debug|Any CPU.ActiveCfg = Debug|Any CPU
		{4145CFBA-5DC5-42DE-BB83-05575EEC928F}.Debug|Any CPU.Build.0 = Debug|Any CPU
		{4145CFBA-5DC5-42DE-BB83-05575EEC928F}.Release|Any CPU.ActiveCfg = Release|Any CPU
		{4145CFBA-5DC5-42DE-BB83-05575EEC928F}.Release|Any CPU.Build.0 = Release|Any CPU
		{F68FEF1B-C874-4EF7-8C5C-E3E32E613141}.Debug|Any CPU.ActiveCfg = Debug|Any CPU
		{F68FEF1B-C874-4EF7-8C5C-E3E32E613141}.Debug|Any CPU.Build.0 = Debug|Any CPU
		{F68FEF1B-C874-4EF7-8C5C-E3E32E613141}.Release|Any CPU.ActiveCfg = Release|Any CPU
		{F68FEF1B-C874-4EF7-8C5C-E3E32E613141}.Release|Any CPU.Build.0 = Release|Any CPU
	EndGlobalSection
	GlobalSection(SolutionProperties) = preSolution
		HideSolutionNode = FALSE
	EndGlobalSection
	GlobalSection(NestedProjects) = preSolution
		{CB53C19E-29CC-42AC-AE47-31A54E5D0759} = {B929A431-00E4-4054-8796-A6F1DF7AC3EA}
		{C50AFA8E-50CC-4118-9F66-0E7AFD210A10} = {51587962-74F5-415F-AA57-FEC39EF78DBC}
		{4145CFBA-5DC5-42DE-BB83-05575EEC928F} = {B929A431-00E4-4054-8796-A6F1DF7AC3EA}
		{F68FEF1B-C874-4EF7-8C5C-E3E32E613141} = {01BD8AEA-3BBE-4D3D-A7A6-FED1DA9F0575}
	EndGlobalSection
	GlobalSection(ExtensibilityGlobals) = postSolution
		SolutionGuid = {D9B883AA-56BD-4B76-A679-C82E766F4C2D}
	EndGlobalSection
EndGlobal
