
Microsoft Visual Studio Solution File, Format Version 12.00
# Visual Studio Version 17
VisualStudioVersion = 17.0.31612.314
MinimumVisualStudioVersion = 10.0.40219.1
Project("{2150E333-8FDC-42A3-9474-1A3956D46DE8}") = "src", "src", "{B929A431-00E4-4054-8796-A6F1DF7AC3EA}"
EndProject
Project("{2150E333-8FDC-42A3-9474-1A3956D46DE8}") = "examples", "examples", "{51587962-74F5-415F-AA57-FEC39EF78DBC}"
EndProject
Project("{9A19103F-16F7-4668-BE54-9A1E7A4F7556}") = "RestEaseClientGeneratorConsoleApp", "examples\RestEaseClientGeneratorConsoleApp\RestEaseClientGeneratorConsoleApp.csproj", "{C50AFA8E-50CC-4118-9F66-0E7AFD210A10}"
EndProject
Project("{2150E333-8FDC-42A3-9474-1A3956D46DE8}") = "Solution Items", "Solution Items", "{E238CBB6-3B84-472C-9F0C-3946E4815398}"
	ProjectSection(SolutionItems) = preProject
		.editorconfig = .editorconfig
		Directory.Build.props = Directory.Build.props
		Generate GitHubReleaseNotes.bat = Generate GitHubReleaseNotes.bat
		README.md = README.md
		ReleaseNotes.md = ReleaseNotes.md
	EndProjectSection
EndProject
Project("{2150E333-8FDC-42A3-9474-1A3956D46DE8}") = "vsix", "vsix", "{01BD8AEA-3BBE-4D3D-A7A6-FED1DA9F0575}"
EndProject
Project("{FAE04EC0-301F-11D3-BF4B-00C04F79EFBC}") = "RestEaseClientGenerator.VSIX", "src\RestEaseClientGenerator.VSIX\RestEaseClientGenerator.VSIX.csproj", "{9C54D0EC-F441-4525-806D-BD0688656280}"
EndProject
Project("{2150E333-8FDC-42A3-9474-1A3956D46DE8}") = "src-raml", "src-raml", "{3B9DA5C5-E550-40BE-8C99-6A52B599799E}"
EndProject
Project("{9A19103F-16F7-4668-BE54-9A1E7A4F7556}") = "RamlTest", "examples\RamlTest\RamlTest.csproj", "{0A6A0B14-58D3-433D-AFE8-D9E8F53D34E7}"
EndProject
Project("{2150E333-8FDC-42A3-9474-1A3956D46DE8}") = "blazor", "blazor", "{4C16C3C8-4F12-44F2-9F16-1A6DF06A2DC2}"
EndProject
Project("{9A19103F-16F7-4668-BE54-9A1E7A4F7556}") = "RestEaseClientGenerator-BlazorApp", "examples\RestEaseClientGenerator-BlazorApp\RestEaseClientGenerator-BlazorApp.csproj", "{4029731C-2D4B-40A9-957F-F3E47344B4DA}"
EndProject
Project("{9A19103F-16F7-4668-BE54-9A1E7A4F7556}") = "MicrosoftExampleConsoleApp", "examples\MicrosoftStorageExampleConsoleApp\MicrosoftExampleConsoleApp.csproj", "{099E447D-54F0-44A8-8A69-B3DAB36742A1}"
EndProject
Project("{9A19103F-16F7-4668-BE54-9A1E7A4F7556}") = "OpenApi.RestEase.Generator", "src\OpenApi.RestEase.Generator\OpenApi.RestEase.Generator.csproj", "{C5837150-2BFB-4E13-9656-A9BA0EC24F21}"
EndProject
Project("{9A19103F-16F7-4668-BE54-9A1E7A4F7556}") = "dotnet-openapiresteasegenerator", "src\dotnet-openapiresteasegenerator\dotnet-openapiresteasegenerator.csproj", "{E7328300-8190-4854-B164-1F54939F57DD}"
EndProject
Global
	GlobalSection(SolutionConfigurationPlatforms) = preSolution
		Debug|Any CPU = Debug|Any CPU
		Release|Any CPU = Release|Any CPU
	EndGlobalSection
	GlobalSection(ProjectConfigurationPlatforms) = postSolution
		{C50AFA8E-50CC-4118-9F66-0E7AFD210A10}.Debug|Any CPU.ActiveCfg = Debug|Any CPU
		{C50AFA8E-50CC-4118-9F66-0E7AFD210A10}.Debug|Any CPU.Build.0 = Debug|Any CPU
		{C50AFA8E-50CC-4118-9F66-0E7AFD210A10}.Release|Any CPU.ActiveCfg = Release|Any CPU
		{C50AFA8E-50CC-4118-9F66-0E7AFD210A10}.Release|Any CPU.Build.0 = Release|Any CPU
		{9C54D0EC-F441-4525-806D-BD0688656280}.Debug|Any CPU.ActiveCfg = Debug|Any CPU
		{9C54D0EC-F441-4525-806D-BD0688656280}.Debug|Any CPU.Build.0 = Debug|Any CPU
		{9C54D0EC-F441-4525-806D-BD0688656280}.Release|Any CPU.ActiveCfg = Release|Any CPU
		{9C54D0EC-F441-4525-806D-BD0688656280}.Release|Any CPU.Build.0 = Release|Any CPU
		{0A6A0B14-58D3-433D-AFE8-D9E8F53D34E7}.Debug|Any CPU.ActiveCfg = Debug|Any CPU
		{0A6A0B14-58D3-433D-AFE8-D9E8F53D34E7}.Debug|Any CPU.Build.0 = Debug|Any CPU
		{0A6A0B14-58D3-433D-AFE8-D9E8F53D34E7}.Release|Any CPU.ActiveCfg = Release|Any CPU
		{0A6A0B14-58D3-433D-AFE8-D9E8F53D34E7}.Release|Any CPU.Build.0 = Release|Any CPU
		{4029731C-2D4B-40A9-957F-F3E47344B4DA}.Debug|Any CPU.ActiveCfg = Debug|Any CPU
		{4029731C-2D4B-40A9-957F-F3E47344B4DA}.Debug|Any CPU.Build.0 = Debug|Any CPU
		{4029731C-2D4B-40A9-957F-F3E47344B4DA}.Release|Any CPU.ActiveCfg = Release|Any CPU
		{4029731C-2D4B-40A9-957F-F3E47344B4DA}.Release|Any CPU.Build.0 = Release|Any CPU
		{099E447D-54F0-44A8-8A69-B3DAB36742A1}.Debug|Any CPU.ActiveCfg = Debug|Any CPU
		{099E447D-54F0-44A8-8A69-B3DAB36742A1}.Debug|Any CPU.Build.0 = Debug|Any CPU
		{099E447D-54F0-44A8-8A69-B3DAB36742A1}.Release|Any CPU.ActiveCfg = Release|Any CPU
		{099E447D-54F0-44A8-8A69-B3DAB36742A1}.Release|Any CPU.Build.0 = Release|Any CPU
		{C5837150-2BFB-4E13-9656-A9BA0EC24F21}.Debug|Any CPU.ActiveCfg = Debug|Any CPU
		{C5837150-2BFB-4E13-9656-A9BA0EC24F21}.Debug|Any CPU.Build.0 = Debug|Any CPU
		{C5837150-2BFB-4E13-9656-A9BA0EC24F21}.Release|Any CPU.ActiveCfg = Release|Any CPU
		{C5837150-2BFB-4E13-9656-A9BA0EC24F21}.Release|Any CPU.Build.0 = Release|Any CPU
		{E7328300-8190-4854-B164-1F54939F57DD}.Debug|Any CPU.ActiveCfg = Debug|Any CPU
		{E7328300-8190-4854-B164-1F54939F57DD}.Debug|Any CPU.Build.0 = Debug|Any CPU
		{E7328300-8190-4854-B164-1F54939F57DD}.Release|Any CPU.ActiveCfg = Release|Any CPU
		{E7328300-8190-4854-B164-1F54939F57DD}.Release|Any CPU.Build.0 = Release|Any CPU
	EndGlobalSection
	GlobalSection(SolutionProperties) = preSolution
		HideSolutionNode = FALSE
	EndGlobalSection
	GlobalSection(NestedProjects) = preSolution
		{C50AFA8E-50CC-4118-9F66-0E7AFD210A10} = {51587962-74F5-415F-AA57-FEC39EF78DBC}
		{9C54D0EC-F441-4525-806D-BD0688656280} = {01BD8AEA-3BBE-4D3D-A7A6-FED1DA9F0575}
		{0A6A0B14-58D3-433D-AFE8-D9E8F53D34E7} = {51587962-74F5-415F-AA57-FEC39EF78DBC}
		{4029731C-2D4B-40A9-957F-F3E47344B4DA} = {4C16C3C8-4F12-44F2-9F16-1A6DF06A2DC2}
		{099E447D-54F0-44A8-8A69-B3DAB36742A1} = {51587962-74F5-415F-AA57-FEC39EF78DBC}
		{C5837150-2BFB-4E13-9656-A9BA0EC24F21} = {B929A431-00E4-4054-8796-A6F1DF7AC3EA}
		{E7328300-8190-4854-B164-1F54939F57DD} = {B929A431-00E4-4054-8796-A6F1DF7AC3EA}
	EndGlobalSection
	GlobalSection(ExtensibilityGlobals) = postSolution
		SolutionGuid = {D9B883AA-56BD-4B76-A679-C82E766F4C2D}
	EndGlobalSection
EndGlobal
